
Microsoft Visual Studio Solution File, Format Version 12.00
# Visual Studio Version 17
VisualStudioVersion = 17.8.34330.188
MinimumVisualStudioVersion = 10.0.40219.1
Project("{FAE04EC0-301F-11D3-BF4B-00C04F79EFBC}") = "ApiCatalogo", "ApiCatalogo\ApiCatalogo.csproj", "{904F5726-38EB-4BC8-8A97-F5CE0404E4CC}"
EndProject
Global
	GlobalSection(SolutionConfigurationPlatforms) = preSolution
		Debug|Any CPU = Debug|Any CPU
		Release|Any CPU = Release|Any CPU
	EndGlobalSection
	GlobalSection(ProjectConfigurationPlatforms) = postSolution
		{904F5726-38EB-4BC8-8A97-F5CE0404E4CC}.Debug|Any CPU.ActiveCfg = Debug|Any CPU
		{904F5726-38EB-4BC8-8A97-F5CE0404E4CC}.Debug|Any CPU.Build.0 = Debug|Any CPU
		{904F5726-38EB-4BC8-8A97-F5CE0404E4CC}.Release|Any CPU.ActiveCfg = Release|Any CPU
		{904F5726-38EB-4BC8-8A97-F5CE0404E4CC}.Release|Any CPU.Build.0 = Release|Any CPU
	EndGlobalSection
	GlobalSection(SolutionProperties) = preSolution
		HideSolutionNode = FALSE
	EndGlobalSection
	GlobalSection(ExtensibilityGlobals) = postSolution
		SolutionGuid = {6B052554-39D3-4A20-9F1C-49508D1B46DF}
	EndGlobalSection
EndGlobal
